// !$*UTF8*$!
{
	archiveVersion = 1;
	classes = {
	};
	objectVersion = 48;
	objects = {

/* Begin PBXBuildFile section */
		2853D9FD87637D69EC7149FC /* Pods_Quable_ProductivityTests.framework in Frameworks */ = {isa = PBXBuildFile; fileRef = A7D31A9F08CF0F143297FC68 /* Pods_Quable_ProductivityTests.framework */; };
		5B978AAE12C95C4238039494 /* Pods_Quable_Productivity.framework in Frameworks */ = {isa = PBXBuildFile; fileRef = FA185122AA2B1FABAB1503AB /* Pods_Quable_Productivity.framework */; };
		AF003A291FFCDBF0007DF4F0 /* AppDelegate.swift in Sources */ = {isa = PBXBuildFile; fileRef = AF003A281FFCDBF0007DF4F0 /* AppDelegate.swift */; };
		AF003A2B1FFCDBF0007DF4F0 /* TodayViewController.swift in Sources */ = {isa = PBXBuildFile; fileRef = AF003A2A1FFCDBF0007DF4F0 /* TodayViewController.swift */; };
		AF003A2D1FFCDBF0007DF4F0 /* SecondViewController.swift in Sources */ = {isa = PBXBuildFile; fileRef = AF003A2C1FFCDBF0007DF4F0 /* SecondViewController.swift */; };
		AF003A301FFCDBF0007DF4F0 /* Main.storyboard in Resources */ = {isa = PBXBuildFile; fileRef = AF003A2E1FFCDBF0007DF4F0 /* Main.storyboard */; };
		AF003A321FFCDBF0007DF4F0 /* Assets.xcassets in Resources */ = {isa = PBXBuildFile; fileRef = AF003A311FFCDBF0007DF4F0 /* Assets.xcassets */; };
		AF003A351FFCDBF0007DF4F0 /* LaunchScreen.storyboard in Resources */ = {isa = PBXBuildFile; fileRef = AF003A331FFCDBF0007DF4F0 /* LaunchScreen.storyboard */; };
		AF003A401FFCDBF0007DF4F0 /* Quable_ProductivityTests.swift in Sources */ = {isa = PBXBuildFile; fileRef = AF003A3F1FFCDBF0007DF4F0 /* Quable_ProductivityTests.swift */; };
		AF003A501FFCE1CE007DF4F0 /* Task.swift in Sources */ = {isa = PBXBuildFile; fileRef = AF003A4F1FFCE1CE007DF4F0 /* Task.swift */; };
		AF003A511FFCE1CE007DF4F0 /* Task.swift in Sources */ = {isa = PBXBuildFile; fileRef = AF003A4F1FFCE1CE007DF4F0 /* Task.swift */; };
		AF003A531FFCE430007DF4F0 /* Frequency.swift in Sources */ = {isa = PBXBuildFile; fileRef = AF003A521FFCE430007DF4F0 /* Frequency.swift */; };
		AF003A541FFCE430007DF4F0 /* Frequency.swift in Sources */ = {isa = PBXBuildFile; fileRef = AF003A521FFCE430007DF4F0 /* Frequency.swift */; };
		AF003A561FFCE682007DF4F0 /* TaskStatus.swift in Sources */ = {isa = PBXBuildFile; fileRef = AF003A551FFCE682007DF4F0 /* TaskStatus.swift */; };
		AF003A571FFCE682007DF4F0 /* TaskStatus.swift in Sources */ = {isa = PBXBuildFile; fileRef = AF003A551FFCE682007DF4F0 /* TaskStatus.swift */; };
		AF003A591FFCFE06007DF4F0 /* CreateTaskViewController.swift in Sources */ = {isa = PBXBuildFile; fileRef = AF003A581FFCFE06007DF4F0 /* CreateTaskViewController.swift */; };
		AF003A5A1FFCFE06007DF4F0 /* CreateTaskViewController.swift in Sources */ = {isa = PBXBuildFile; fileRef = AF003A581FFCFE06007DF4F0 /* CreateTaskViewController.swift */; };
		AF003A5C1FFD0D29007DF4F0 /* State.swift in Sources */ = {isa = PBXBuildFile; fileRef = AF003A5B1FFD0D29007DF4F0 /* State.swift */; };
		AF003A5D1FFD0D29007DF4F0 /* State.swift in Sources */ = {isa = PBXBuildFile; fileRef = AF003A5B1FFD0D29007DF4F0 /* State.swift */; };
		AF003A5F1FFD0DCD007DF4F0 /* AppReducer.swift in Sources */ = {isa = PBXBuildFile; fileRef = AF003A5E1FFD0DCD007DF4F0 /* AppReducer.swift */; };
		AF003A601FFD0DCD007DF4F0 /* AppReducer.swift in Sources */ = {isa = PBXBuildFile; fileRef = AF003A5E1FFD0DCD007DF4F0 /* AppReducer.swift */; };
		AF003A621FFD0EB5007DF4F0 /* TaskActions.swift in Sources */ = {isa = PBXBuildFile; fileRef = AF003A611FFD0EB5007DF4F0 /* TaskActions.swift */; };
		AF003A631FFD0EB5007DF4F0 /* TaskActions.swift in Sources */ = {isa = PBXBuildFile; fileRef = AF003A611FFD0EB5007DF4F0 /* TaskActions.swift */; };
		AF003A661FFD1526007DF4F0 /* TaskCell.swift in Sources */ = {isa = PBXBuildFile; fileRef = AF003A651FFD1526007DF4F0 /* TaskCell.swift */; };
		AF003A671FFD1526007DF4F0 /* TaskCell.swift in Sources */ = {isa = PBXBuildFile; fileRef = AF003A651FFD1526007DF4F0 /* TaskCell.swift */; };
		AF8B1AE91FFE0D9100B229E9 /* TaskCell.xib in Resources */ = {isa = PBXBuildFile; fileRef = AF8B1AE81FFE0D9100B229E9 /* TaskCell.xib */; };
/* End PBXBuildFile section */

/* Begin PBXContainerItemProxy section */
		AF003A3C1FFCDBF0007DF4F0 /* PBXContainerItemProxy */ = {
			isa = PBXContainerItemProxy;
			containerPortal = AF003A1D1FFCDBF0007DF4F0 /* Project object */;
			proxyType = 1;
			remoteGlobalIDString = AF003A241FFCDBF0007DF4F0;
			remoteInfo = "Quable Productivity";
		};
/* End PBXContainerItemProxy section */

/* Begin PBXFileReference section */
		45F841DED02BE5F711575972 /* Pods-Quable ProductivityTests.release.xcconfig */ = {isa = PBXFileReference; includeInIndex = 1; lastKnownFileType = text.xcconfig; name = "Pods-Quable ProductivityTests.release.xcconfig"; path = "Pods/Target Support Files/Pods-Quable ProductivityTests/Pods-Quable ProductivityTests.release.xcconfig"; sourceTree = "<group>"; };
		633F03C3AA2843FE509533FA /* Pods-Quable Productivity.release.xcconfig */ = {isa = PBXFileReference; includeInIndex = 1; lastKnownFileType = text.xcconfig; name = "Pods-Quable Productivity.release.xcconfig"; path = "Pods/Target Support Files/Pods-Quable Productivity/Pods-Quable Productivity.release.xcconfig"; sourceTree = "<group>"; };
		6D0D60236E3FBA47E04BDE29 /* Pods-Quable ProductivityTests.debug.xcconfig */ = {isa = PBXFileReference; includeInIndex = 1; lastKnownFileType = text.xcconfig; name = "Pods-Quable ProductivityTests.debug.xcconfig"; path = "Pods/Target Support Files/Pods-Quable ProductivityTests/Pods-Quable ProductivityTests.debug.xcconfig"; sourceTree = "<group>"; };
		8DB94634099B7D4331E3D91D /* Pods-Quable Productivity.debug.xcconfig */ = {isa = PBXFileReference; includeInIndex = 1; lastKnownFileType = text.xcconfig; name = "Pods-Quable Productivity.debug.xcconfig"; path = "Pods/Target Support Files/Pods-Quable Productivity/Pods-Quable Productivity.debug.xcconfig"; sourceTree = "<group>"; };
		A7D31A9F08CF0F143297FC68 /* Pods_Quable_ProductivityTests.framework */ = {isa = PBXFileReference; explicitFileType = wrapper.framework; includeInIndex = 0; path = Pods_Quable_ProductivityTests.framework; sourceTree = BUILT_PRODUCTS_DIR; };
		AF003A251FFCDBF0007DF4F0 /* Quable Productivity.app */ = {isa = PBXFileReference; explicitFileType = wrapper.application; includeInIndex = 0; path = "Quable Productivity.app"; sourceTree = BUILT_PRODUCTS_DIR; };
		AF003A281FFCDBF0007DF4F0 /* AppDelegate.swift */ = {isa = PBXFileReference; lastKnownFileType = sourcecode.swift; path = AppDelegate.swift; sourceTree = "<group>"; };
		AF003A2A1FFCDBF0007DF4F0 /* TodayViewController.swift */ = {isa = PBXFileReference; lastKnownFileType = sourcecode.swift; path = TodayViewController.swift; sourceTree = "<group>"; };
		AF003A2C1FFCDBF0007DF4F0 /* SecondViewController.swift */ = {isa = PBXFileReference; lastKnownFileType = sourcecode.swift; path = SecondViewController.swift; sourceTree = "<group>"; };
		AF003A2F1FFCDBF0007DF4F0 /* Base */ = {isa = PBXFileReference; lastKnownFileType = file.storyboard; name = Base; path = Base.lproj/Main.storyboard; sourceTree = "<group>"; };
		AF003A311FFCDBF0007DF4F0 /* Assets.xcassets */ = {isa = PBXFileReference; lastKnownFileType = folder.assetcatalog; path = Assets.xcassets; sourceTree = "<group>"; };
		AF003A341FFCDBF0007DF4F0 /* Base */ = {isa = PBXFileReference; lastKnownFileType = file.storyboard; name = Base; path = Base.lproj/LaunchScreen.storyboard; sourceTree = "<group>"; };
		AF003A361FFCDBF0007DF4F0 /* Info.plist */ = {isa = PBXFileReference; lastKnownFileType = text.plist.xml; path = Info.plist; sourceTree = "<group>"; };
		AF003A3B1FFCDBF0007DF4F0 /* Quable ProductivityTests.xctest */ = {isa = PBXFileReference; explicitFileType = wrapper.cfbundle; includeInIndex = 0; path = "Quable ProductivityTests.xctest"; sourceTree = BUILT_PRODUCTS_DIR; };
		AF003A3F1FFCDBF0007DF4F0 /* Quable_ProductivityTests.swift */ = {isa = PBXFileReference; lastKnownFileType = sourcecode.swift; path = Quable_ProductivityTests.swift; sourceTree = "<group>"; };
		AF003A411FFCDBF0007DF4F0 /* Info.plist */ = {isa = PBXFileReference; lastKnownFileType = text.plist.xml; path = Info.plist; sourceTree = "<group>"; };
		AF003A4F1FFCE1CE007DF4F0 /* Task.swift */ = {isa = PBXFileReference; lastKnownFileType = sourcecode.swift; path = Task.swift; sourceTree = "<group>"; };
		AF003A521FFCE430007DF4F0 /* Frequency.swift */ = {isa = PBXFileReference; lastKnownFileType = sourcecode.swift; path = Frequency.swift; sourceTree = "<group>"; };
		AF003A551FFCE682007DF4F0 /* TaskStatus.swift */ = {isa = PBXFileReference; lastKnownFileType = sourcecode.swift; path = TaskStatus.swift; sourceTree = "<group>"; };
		AF003A581FFCFE06007DF4F0 /* CreateTaskViewController.swift */ = {isa = PBXFileReference; lastKnownFileType = sourcecode.swift; path = CreateTaskViewController.swift; sourceTree = "<group>"; };
		AF003A5B1FFD0D29007DF4F0 /* State.swift */ = {isa = PBXFileReference; lastKnownFileType = sourcecode.swift; path = State.swift; sourceTree = "<group>"; };
		AF003A5E1FFD0DCD007DF4F0 /* AppReducer.swift */ = {isa = PBXFileReference; lastKnownFileType = sourcecode.swift; path = AppReducer.swift; sourceTree = "<group>"; };
		AF003A611FFD0EB5007DF4F0 /* TaskActions.swift */ = {isa = PBXFileReference; lastKnownFileType = sourcecode.swift; path = TaskActions.swift; sourceTree = "<group>"; };
		AF003A651FFD1526007DF4F0 /* TaskCell.swift */ = {isa = PBXFileReference; lastKnownFileType = sourcecode.swift; path = TaskCell.swift; sourceTree = "<group>"; };
		AF8B1AE81FFE0D9100B229E9 /* TaskCell.xib */ = {isa = PBXFileReference; lastKnownFileType = file.xib; path = TaskCell.xib; sourceTree = "<group>"; };
		FA185122AA2B1FABAB1503AB /* Pods_Quable_Productivity.framework */ = {isa = PBXFileReference; explicitFileType = wrapper.framework; includeInIndex = 0; path = Pods_Quable_Productivity.framework; sourceTree = BUILT_PRODUCTS_DIR; };
/* End PBXFileReference section */

/* Begin PBXFrameworksBuildPhase section */
		AF003A221FFCDBF0007DF4F0 /* Frameworks */ = {
			isa = PBXFrameworksBuildPhase;
			buildActionMask = 2147483647;
			files = (
				5B978AAE12C95C4238039494 /* Pods_Quable_Productivity.framework in Frameworks */,
			);
			runOnlyForDeploymentPostprocessing = 0;
		};
		AF003A381FFCDBF0007DF4F0 /* Frameworks */ = {
			isa = PBXFrameworksBuildPhase;
			buildActionMask = 2147483647;
			files = (
				2853D9FD87637D69EC7149FC /* Pods_Quable_ProductivityTests.framework in Frameworks */,
			);
			runOnlyForDeploymentPostprocessing = 0;
		};
/* End PBXFrameworksBuildPhase section */

/* Begin PBXGroup section */
		AF003A1C1FFCDBF0007DF4F0 = {
			isa = PBXGroup;
			children = (
				AF003A271FFCDBF0007DF4F0 /* Quable Productivity */,
				AF003A3E1FFCDBF0007DF4F0 /* Quable ProductivityTests */,
				AF003A261FFCDBF0007DF4F0 /* Products */,
				B4C088346A191DDF24FA67DB /* Pods */,
				BE157D62E6F08064F3579618 /* Frameworks */,
			);
			sourceTree = "<group>";
		};
		AF003A261FFCDBF0007DF4F0 /* Products */ = {
			isa = PBXGroup;
			children = (
				AF003A251FFCDBF0007DF4F0 /* Quable Productivity.app */,
				AF003A3B1FFCDBF0007DF4F0 /* Quable ProductivityTests.xctest */,
			);
			name = Products;
			sourceTree = "<group>";
		};
		AF003A271FFCDBF0007DF4F0 /* Quable Productivity */ = {
			isa = PBXGroup;
			children = (
				AF003A281FFCDBF0007DF4F0 /* AppDelegate.swift */,
				AF003A4E1FFCE12B007DF4F0 /* Model */,
				AF003A4D1FFCE121007DF4F0 /* State */,
				AF003A4C1FFCE11C007DF4F0 /* Reducers */,
				AF003A4B1FFCE117007DF4F0 /* Actions */,
				AF003A641FFD1514007DF4F0 /* Views */,
				AF003A4A1FFCE0F3007DF4F0 /* View Controllers */,
				AF003A2E1FFCDBF0007DF4F0 /* Main.storyboard */,
				AF003A311FFCDBF0007DF4F0 /* Assets.xcassets */,
				AF003A331FFCDBF0007DF4F0 /* LaunchScreen.storyboard */,
				AF003A361FFCDBF0007DF4F0 /* Info.plist */,
			);
			path = "Quable Productivity";
			sourceTree = "<group>";
		};
		AF003A3E1FFCDBF0007DF4F0 /* Quable ProductivityTests */ = {
			isa = PBXGroup;
			children = (
				AF003A3F1FFCDBF0007DF4F0 /* Quable_ProductivityTests.swift */,
				AF003A411FFCDBF0007DF4F0 /* Info.plist */,
			);
			path = "Quable ProductivityTests";
			sourceTree = "<group>";
		};
		AF003A4A1FFCE0F3007DF4F0 /* View Controllers */ = {
			isa = PBXGroup;
			children = (
				AF003A2A1FFCDBF0007DF4F0 /* TodayViewController.swift */,
				AF003A2C1FFCDBF0007DF4F0 /* SecondViewController.swift */,
				AF003A581FFCFE06007DF4F0 /* CreateTaskViewController.swift */,
			);
			path = "View Controllers";
			sourceTree = "<group>";
		};
		AF003A4B1FFCE117007DF4F0 /* Actions */ = {
			isa = PBXGroup;
			children = (
				AF003A611FFD0EB5007DF4F0 /* TaskActions.swift */,
			);
			path = Actions;
			sourceTree = "<group>";
		};
		AF003A4C1FFCE11C007DF4F0 /* Reducers */ = {
			isa = PBXGroup;
			children = (
				AF003A5E1FFD0DCD007DF4F0 /* AppReducer.swift */,
			);
			path = Reducers;
			sourceTree = "<group>";
		};
		AF003A4D1FFCE121007DF4F0 /* State */ = {
			isa = PBXGroup;
			children = (
				AF003A5B1FFD0D29007DF4F0 /* State.swift */,
			);
			path = State;
			sourceTree = "<group>";
		};
		AF003A4E1FFCE12B007DF4F0 /* Model */ = {
			isa = PBXGroup;
			children = (
				AF003A4F1FFCE1CE007DF4F0 /* Task.swift */,
				AF003A521FFCE430007DF4F0 /* Frequency.swift */,
				AF003A551FFCE682007DF4F0 /* TaskStatus.swift */,
			);
			path = Model;
			sourceTree = "<group>";
		};
		AF003A641FFD1514007DF4F0 /* Views */ = {
			isa = PBXGroup;
			children = (
				AF003A651FFD1526007DF4F0 /* TaskCell.swift */,
				AF8B1AE81FFE0D9100B229E9 /* TaskCell.xib */,
			);
			path = Views;
			sourceTree = "<group>";
		};
		B4C088346A191DDF24FA67DB /* Pods */ = {
			isa = PBXGroup;
			children = (
				8DB94634099B7D4331E3D91D /* Pods-Quable Productivity.debug.xcconfig */,
				633F03C3AA2843FE509533FA /* Pods-Quable Productivity.release.xcconfig */,
				6D0D60236E3FBA47E04BDE29 /* Pods-Quable ProductivityTests.debug.xcconfig */,
				45F841DED02BE5F711575972 /* Pods-Quable ProductivityTests.release.xcconfig */,
			);
			name = Pods;
			sourceTree = "<group>";
		};
		BE157D62E6F08064F3579618 /* Frameworks */ = {
			isa = PBXGroup;
			children = (
				FA185122AA2B1FABAB1503AB /* Pods_Quable_Productivity.framework */,
				A7D31A9F08CF0F143297FC68 /* Pods_Quable_ProductivityTests.framework */,
			);
			name = Frameworks;
			sourceTree = "<group>";
		};
/* End PBXGroup section */

/* Begin PBXNativeTarget section */
		AF003A241FFCDBF0007DF4F0 /* Quable Productivity */ = {
			isa = PBXNativeTarget;
			buildConfigurationList = AF003A441FFCDBF0007DF4F0 /* Build configuration list for PBXNativeTarget "Quable Productivity" */;
			buildPhases = (
				9B5752AED542EBA2A423ED8F /* [CP] Check Pods Manifest.lock */,
				AF003A211FFCDBF0007DF4F0 /* Sources */,
				AF003A221FFCDBF0007DF4F0 /* Frameworks */,
				AF003A231FFCDBF0007DF4F0 /* Resources */,
				28BB48F9DD5AC0E1E8A47BE6 /* [CP] Embed Pods Frameworks */,
				0A4D3A3DB76E047073C5C6B5 /* [CP] Copy Pods Resources */,
			);
			buildRules = (
			);
			dependencies = (
			);
			name = "Quable Productivity";
			productName = "Quable Productivity";
			productReference = AF003A251FFCDBF0007DF4F0 /* Quable Productivity.app */;
			productType = "com.apple.product-type.application";
		};
		AF003A3A1FFCDBF0007DF4F0 /* Quable ProductivityTests */ = {
			isa = PBXNativeTarget;
			buildConfigurationList = AF003A471FFCDBF0007DF4F0 /* Build configuration list for PBXNativeTarget "Quable ProductivityTests" */;
			buildPhases = (
				0BC5E51B132B7C8AD315965D /* [CP] Check Pods Manifest.lock */,
				AF003A371FFCDBF0007DF4F0 /* Sources */,
				AF003A381FFCDBF0007DF4F0 /* Frameworks */,
				AF003A391FFCDBF0007DF4F0 /* Resources */,
				97AC4DC9EF2A8501A3EFAAFA /* [CP] Embed Pods Frameworks */,
				CDA48464305E3F637F120F53 /* [CP] Copy Pods Resources */,
			);
			buildRules = (
			);
			dependencies = (
				AF003A3D1FFCDBF0007DF4F0 /* PBXTargetDependency */,
			);
			name = "Quable ProductivityTests";
			productName = "Quable ProductivityTests";
			productReference = AF003A3B1FFCDBF0007DF4F0 /* Quable ProductivityTests.xctest */;
			productType = "com.apple.product-type.bundle.unit-test";
		};
/* End PBXNativeTarget section */

/* Begin PBXProject section */
		AF003A1D1FFCDBF0007DF4F0 /* Project object */ = {
			isa = PBXProject;
			attributes = {
				LastSwiftUpdateCheck = 0920;
				LastUpgradeCheck = 0920;
				ORGANIZATIONNAME = "Roland Tolnay";
				TargetAttributes = {
					AF003A241FFCDBF0007DF4F0 = {
						CreatedOnToolsVersion = 9.2;
						ProvisioningStyle = Automatic;
					};
					AF003A3A1FFCDBF0007DF4F0 = {
						CreatedOnToolsVersion = 9.2;
						ProvisioningStyle = Automatic;
						TestTargetID = AF003A241FFCDBF0007DF4F0;
					};
				};
			};
			buildConfigurationList = AF003A201FFCDBF0007DF4F0 /* Build configuration list for PBXProject "Quable Productivity" */;
			compatibilityVersion = "Xcode 8.0";
			developmentRegion = en;
			hasScannedForEncodings = 0;
			knownRegions = (
				en,
				Base,
			);
			mainGroup = AF003A1C1FFCDBF0007DF4F0;
			productRefGroup = AF003A261FFCDBF0007DF4F0 /* Products */;
			projectDirPath = "";
			projectRoot = "";
			targets = (
				AF003A241FFCDBF0007DF4F0 /* Quable Productivity */,
				AF003A3A1FFCDBF0007DF4F0 /* Quable ProductivityTests */,
			);
		};
/* End PBXProject section */

/* Begin PBXResourcesBuildPhase section */
		AF003A231FFCDBF0007DF4F0 /* Resources */ = {
			isa = PBXResourcesBuildPhase;
			buildActionMask = 2147483647;
			files = (
				AF8B1AE91FFE0D9100B229E9 /* TaskCell.xib in Resources */,
				AF003A351FFCDBF0007DF4F0 /* LaunchScreen.storyboard in Resources */,
				AF003A321FFCDBF0007DF4F0 /* Assets.xcassets in Resources */,
				AF003A301FFCDBF0007DF4F0 /* Main.storyboard in Resources */,
			);
			runOnlyForDeploymentPostprocessing = 0;
		};
		AF003A391FFCDBF0007DF4F0 /* Resources */ = {
			isa = PBXResourcesBuildPhase;
			buildActionMask = 2147483647;
			files = (
			);
			runOnlyForDeploymentPostprocessing = 0;
		};
/* End PBXResourcesBuildPhase section */

/* Begin PBXShellScriptBuildPhase section */
		0A4D3A3DB76E047073C5C6B5 /* [CP] Copy Pods Resources */ = {
			isa = PBXShellScriptBuildPhase;
			buildActionMask = 2147483647;
			files = (
			);
			inputPaths = (
			);
			name = "[CP] Copy Pods Resources";
			outputPaths = (
			);
			runOnlyForDeploymentPostprocessing = 0;
			shellPath = /bin/sh;
			shellScript = "\"${SRCROOT}/Pods/Target Support Files/Pods-Quable Productivity/Pods-Quable Productivity-resources.sh\"\n";
			showEnvVarsInLog = 0;
		};
		0BC5E51B132B7C8AD315965D /* [CP] Check Pods Manifest.lock */ = {
			isa = PBXShellScriptBuildPhase;
			buildActionMask = 2147483647;
			files = (
			);
			inputPaths = (
				"${PODS_PODFILE_DIR_PATH}/Podfile.lock",
				"${PODS_ROOT}/Manifest.lock",
			);
			name = "[CP] Check Pods Manifest.lock";
			outputPaths = (
				"$(DERIVED_FILE_DIR)/Pods-Quable ProductivityTests-checkManifestLockResult.txt",
			);
			runOnlyForDeploymentPostprocessing = 0;
			shellPath = /bin/sh;
			shellScript = "diff \"${PODS_PODFILE_DIR_PATH}/Podfile.lock\" \"${PODS_ROOT}/Manifest.lock\" > /dev/null\nif [ $? != 0 ] ; then\n    # print error to STDERR\n    echo \"error: The sandbox is not in sync with the Podfile.lock. Run 'pod install' or update your CocoaPods installation.\" >&2\n    exit 1\nfi\n# This output is used by Xcode 'outputs' to avoid re-running this script phase.\necho \"SUCCESS\" > \"${SCRIPT_OUTPUT_FILE_0}\"\n";
			showEnvVarsInLog = 0;
		};
		28BB48F9DD5AC0E1E8A47BE6 /* [CP] Embed Pods Frameworks */ = {
			isa = PBXShellScriptBuildPhase;
			buildActionMask = 2147483647;
			files = (
			);
			inputPaths = (
				"${SRCROOT}/Pods/Target Support Files/Pods-Quable Productivity/Pods-Quable Productivity-frameworks.sh",
				"${BUILT_PRODUCTS_DIR}/ChameleonFramework/ChameleonFramework.framework",
				"${BUILT_PRODUCTS_DIR}/ReSwift/ReSwift.framework",
			);
			name = "[CP] Embed Pods Frameworks";
			outputPaths = (
				"${TARGET_BUILD_DIR}/${FRAMEWORKS_FOLDER_PATH}/ChameleonFramework.framework",
				"${TARGET_BUILD_DIR}/${FRAMEWORKS_FOLDER_PATH}/ReSwift.framework",
			);
			runOnlyForDeploymentPostprocessing = 0;
			shellPath = /bin/sh;
			shellScript = "\"${SRCROOT}/Pods/Target Support Files/Pods-Quable Productivity/Pods-Quable Productivity-frameworks.sh\"\n";
			showEnvVarsInLog = 0;
		};
		97AC4DC9EF2A8501A3EFAAFA /* [CP] Embed Pods Frameworks */ = {
			isa = PBXShellScriptBuildPhase;
			buildActionMask = 2147483647;
			files = (
			);
			inputPaths = (
			);
			name = "[CP] Embed Pods Frameworks";
			outputPaths = (
			);
			runOnlyForDeploymentPostprocessing = 0;
			shellPath = /bin/sh;
			shellScript = "\"${SRCROOT}/Pods/Target Support Files/Pods-Quable ProductivityTests/Pods-Quable ProductivityTests-frameworks.sh\"\n";
			showEnvVarsInLog = 0;
		};
		9B5752AED542EBA2A423ED8F /* [CP] Check Pods Manifest.lock */ = {
			isa = PBXShellScriptBuildPhase;
			buildActionMask = 2147483647;
			files = (
			);
			inputPaths = (
				"${PODS_PODFILE_DIR_PATH}/Podfile.lock",
				"${PODS_ROOT}/Manifest.lock",
			);
			name = "[CP] Check Pods Manifest.lock";
			outputPaths = (
				"$(DERIVED_FILE_DIR)/Pods-Quable Productivity-checkManifestLockResult.txt",
			);
			runOnlyForDeploymentPostprocessing = 0;
			shellPath = /bin/sh;
			shellScript = "diff \"${PODS_PODFILE_DIR_PATH}/Podfile.lock\" \"${PODS_ROOT}/Manifest.lock\" > /dev/null\nif [ $? != 0 ] ; then\n    # print error to STDERR\n    echo \"error: The sandbox is not in sync with the Podfile.lock. Run 'pod install' or update your CocoaPods installation.\" >&2\n    exit 1\nfi\n# This output is used by Xcode 'outputs' to avoid re-running this script phase.\necho \"SUCCESS\" > \"${SCRIPT_OUTPUT_FILE_0}\"\n";
			showEnvVarsInLog = 0;
		};
		CDA48464305E3F637F120F53 /* [CP] Copy Pods Resources */ = {
			isa = PBXShellScriptBuildPhase;
			buildActionMask = 2147483647;
			files = (
			);
			inputPaths = (
			);
			name = "[CP] Copy Pods Resources";
			outputPaths = (
			);
			runOnlyForDeploymentPostprocessing = 0;
			shellPath = /bin/sh;
			shellScript = "\"${SRCROOT}/Pods/Target Support Files/Pods-Quable ProductivityTests/Pods-Quable ProductivityTests-resources.sh\"\n";
			showEnvVarsInLog = 0;
		};
/* End PBXShellScriptBuildPhase section */

/* Begin PBXSourcesBuildPhase section */
		AF003A211FFCDBF0007DF4F0 /* Sources */ = {
			isa = PBXSourcesBuildPhase;
			buildActionMask = 2147483647;
			files = (
				AF003A561FFCE682007DF4F0 /* TaskStatus.swift in Sources */,
				AF003A501FFCE1CE007DF4F0 /* Task.swift in Sources */,
				AF003A531FFCE430007DF4F0 /* Frequency.swift in Sources */,
				AF003A5F1FFD0DCD007DF4F0 /* AppReducer.swift in Sources */,
				AF003A2D1FFCDBF0007DF4F0 /* SecondViewController.swift in Sources */,
				AF003A291FFCDBF0007DF4F0 /* AppDelegate.swift in Sources */,
				AF003A2B1FFCDBF0007DF4F0 /* TodayViewController.swift in Sources */,
				AF003A661FFD1526007DF4F0 /* TaskCell.swift in Sources */,
				AF003A591FFCFE06007DF4F0 /* CreateTaskViewController.swift in Sources */,
				AF003A621FFD0EB5007DF4F0 /* TaskActions.swift in Sources */,
				AF003A5C1FFD0D29007DF4F0 /* State.swift in Sources */,
			);
			runOnlyForDeploymentPostprocessing = 0;
		};
		AF003A371FFCDBF0007DF4F0 /* Sources */ = {
			isa = PBXSourcesBuildPhase;
			buildActionMask = 2147483647;
			files = (
				AF003A511FFCE1CE007DF4F0 /* Task.swift in Sources */,
				AF003A401FFCDBF0007DF4F0 /* Quable_ProductivityTests.swift in Sources */,
				AF003A601FFD0DCD007DF4F0 /* AppReducer.swift in Sources */,
				AF003A571FFCE682007DF4F0 /* TaskStatus.swift in Sources */,
				AF003A631FFD0EB5007DF4F0 /* TaskActions.swift in Sources */,
				AF003A541FFCE430007DF4F0 /* Frequency.swift in Sources */,
				AF003A5A1FFCFE06007DF4F0 /* CreateTaskViewController.swift in Sources */,
				AF003A671FFD1526007DF4F0 /* TaskCell.swift in Sources */,
				AF003A5D1FFD0D29007DF4F0 /* State.swift in Sources */,
			);
			runOnlyForDeploymentPostprocessing = 0;
		};
/* End PBXSourcesBuildPhase section */

/* Begin PBXTargetDependency section */
		AF003A3D1FFCDBF0007DF4F0 /* PBXTargetDependency */ = {
			isa = PBXTargetDependency;
			target = AF003A241FFCDBF0007DF4F0 /* Quable Productivity */;
			targetProxy = AF003A3C1FFCDBF0007DF4F0 /* PBXContainerItemProxy */;
		};
/* End PBXTargetDependency section */

/* Begin PBXVariantGroup section */
		AF003A2E1FFCDBF0007DF4F0 /* Main.storyboard */ = {
			isa = PBXVariantGroup;
			children = (
				AF003A2F1FFCDBF0007DF4F0 /* Base */,
			);
			name = Main.storyboard;
			sourceTree = "<group>";
		};
		AF003A331FFCDBF0007DF4F0 /* LaunchScreen.storyboard */ = {
			isa = PBXVariantGroup;
			children = (
				AF003A341FFCDBF0007DF4F0 /* Base */,
			);
			name = LaunchScreen.storyboard;
			sourceTree = "<group>";
		};
/* End PBXVariantGroup section */

/* Begin XCBuildConfiguration section */
		AF003A421FFCDBF0007DF4F0 /* Debug */ = {
			isa = XCBuildConfiguration;
			buildSettings = {
				ALWAYS_SEARCH_USER_PATHS = NO;
				CLANG_ANALYZER_NONNULL = YES;
				CLANG_ANALYZER_NUMBER_OBJECT_CONVERSION = YES_AGGRESSIVE;
				CLANG_CXX_LANGUAGE_STANDARD = "gnu++14";
				CLANG_CXX_LIBRARY = "libc++";
				CLANG_ENABLE_MODULES = YES;
				CLANG_ENABLE_OBJC_ARC = YES;
				CLANG_WARN_BLOCK_CAPTURE_AUTORELEASING = YES;
				CLANG_WARN_BOOL_CONVERSION = YES;
				CLANG_WARN_COMMA = YES;
				CLANG_WARN_CONSTANT_CONVERSION = YES;
				CLANG_WARN_DIRECT_OBJC_ISA_USAGE = YES_ERROR;
				CLANG_WARN_DOCUMENTATION_COMMENTS = YES;
				CLANG_WARN_EMPTY_BODY = YES;
				CLANG_WARN_ENUM_CONVERSION = YES;
				CLANG_WARN_INFINITE_RECURSION = YES;
				CLANG_WARN_INT_CONVERSION = YES;
				CLANG_WARN_NON_LITERAL_NULL_CONVERSION = YES;
				CLANG_WARN_OBJC_LITERAL_CONVERSION = YES;
				CLANG_WARN_OBJC_ROOT_CLASS = YES_ERROR;
				CLANG_WARN_RANGE_LOOP_ANALYSIS = YES;
				CLANG_WARN_STRICT_PROTOTYPES = YES;
				CLANG_WARN_SUSPICIOUS_MOVE = YES;
				CLANG_WARN_UNGUARDED_AVAILABILITY = YES_AGGRESSIVE;
				CLANG_WARN_UNREACHABLE_CODE = YES;
				CLANG_WARN__DUPLICATE_METHOD_MATCH = YES;
				CODE_SIGN_IDENTITY = "iPhone Developer";
				COPY_PHASE_STRIP = NO;
				DEBUG_INFORMATION_FORMAT = dwarf;
				ENABLE_STRICT_OBJC_MSGSEND = YES;
				ENABLE_TESTABILITY = YES;
				GCC_C_LANGUAGE_STANDARD = gnu11;
				GCC_DYNAMIC_NO_PIC = NO;
				GCC_NO_COMMON_BLOCKS = YES;
				GCC_OPTIMIZATION_LEVEL = 0;
				GCC_PREPROCESSOR_DEFINITIONS = (
					"DEBUG=1",
					"$(inherited)",
				);
				GCC_WARN_64_TO_32_BIT_CONVERSION = YES;
				GCC_WARN_ABOUT_RETURN_TYPE = YES_ERROR;
				GCC_WARN_UNDECLARED_SELECTOR = YES;
				GCC_WARN_UNINITIALIZED_AUTOS = YES_AGGRESSIVE;
				GCC_WARN_UNUSED_FUNCTION = YES;
				GCC_WARN_UNUSED_VARIABLE = YES;
				IPHONEOS_DEPLOYMENT_TARGET = 11.2;
				MTL_ENABLE_DEBUG_INFO = YES;
				ONLY_ACTIVE_ARCH = YES;
				SDKROOT = iphoneos;
				SWIFT_ACTIVE_COMPILATION_CONDITIONS = DEBUG;
				SWIFT_OPTIMIZATION_LEVEL = "-Onone";
			};
			name = Debug;
		};
		AF003A431FFCDBF0007DF4F0 /* Release */ = {
			isa = XCBuildConfiguration;
			buildSettings = {
				ALWAYS_SEARCH_USER_PATHS = NO;
				CLANG_ANALYZER_NONNULL = YES;
				CLANG_ANALYZER_NUMBER_OBJECT_CONVERSION = YES_AGGRESSIVE;
				CLANG_CXX_LANGUAGE_STANDARD = "gnu++14";
				CLANG_CXX_LIBRARY = "libc++";
				CLANG_ENABLE_MODULES = YES;
				CLANG_ENABLE_OBJC_ARC = YES;
				CLANG_WARN_BLOCK_CAPTURE_AUTORELEASING = YES;
				CLANG_WARN_BOOL_CONVERSION = YES;
				CLANG_WARN_COMMA = YES;
				CLANG_WARN_CONSTANT_CONVERSION = YES;
				CLANG_WARN_DIRECT_OBJC_ISA_USAGE = YES_ERROR;
				CLANG_WARN_DOCUMENTATION_COMMENTS = YES;
				CLANG_WARN_EMPTY_BODY = YES;
				CLANG_WARN_ENUM_CONVERSION = YES;
				CLANG_WARN_INFINITE_RECURSION = YES;
				CLANG_WARN_INT_CONVERSION = YES;
				CLANG_WARN_NON_LITERAL_NULL_CONVERSION = YES;
				CLANG_WARN_OBJC_LITERAL_CONVERSION = YES;
				CLANG_WARN_OBJC_ROOT_CLASS = YES_ERROR;
				CLANG_WARN_RANGE_LOOP_ANALYSIS = YES;
				CLANG_WARN_STRICT_PROTOTYPES = YES;
				CLANG_WARN_SUSPICIOUS_MOVE = YES;
				CLANG_WARN_UNGUARDED_AVAILABILITY = YES_AGGRESSIVE;
				CLANG_WARN_UNREACHABLE_CODE = YES;
				CLANG_WARN__DUPLICATE_METHOD_MATCH = YES;
				CODE_SIGN_IDENTITY = "iPhone Developer";
				COPY_PHASE_STRIP = NO;
				DEBUG_INFORMATION_FORMAT = "dwarf-with-dsym";
				ENABLE_NS_ASSERTIONS = NO;
				ENABLE_STRICT_OBJC_MSGSEND = YES;
				GCC_C_LANGUAGE_STANDARD = gnu11;
				GCC_NO_COMMON_BLOCKS = YES;
				GCC_WARN_64_TO_32_BIT_CONVERSION = YES;
				GCC_WARN_ABOUT_RETURN_TYPE = YES_ERROR;
				GCC_WARN_UNDECLARED_SELECTOR = YES;
				GCC_WARN_UNINITIALIZED_AUTOS = YES_AGGRESSIVE;
				GCC_WARN_UNUSED_FUNCTION = YES;
				GCC_WARN_UNUSED_VARIABLE = YES;
				IPHONEOS_DEPLOYMENT_TARGET = 11.2;
				MTL_ENABLE_DEBUG_INFO = NO;
				SDKROOT = iphoneos;
				SWIFT_OPTIMIZATION_LEVEL = "-Owholemodule";
				VALIDATE_PRODUCT = YES;
			};
			name = Release;
		};
		AF003A451FFCDBF0007DF4F0 /* Debug */ = {
			isa = XCBuildConfiguration;
			baseConfigurationReference = 8DB94634099B7D4331E3D91D /* Pods-Quable Productivity.debug.xcconfig */;
			buildSettings = {
				ASSETCATALOG_COMPILER_APPICON_NAME = AppIcon;
				CODE_SIGN_STYLE = Automatic;
				DEVELOPMENT_TEAM = JYW3B323JJ;
				INFOPLIST_FILE = "Quable Productivity/Info.plist";
				LD_RUNPATH_SEARCH_PATHS = "$(inherited) @executable_path/Frameworks";
				PRODUCT_BUNDLE_IDENTIFIER = "me.rolandtolnay.Quable-Productivity";
				PRODUCT_NAME = "$(TARGET_NAME)";
				SWIFT_VERSION = 4.0;
				TARGETED_DEVICE_FAMILY = "1,2";
			};
			name = Debug;
		};
		AF003A461FFCDBF0007DF4F0 /* Release */ = {
			isa = XCBuildConfiguration;
			baseConfigurationReference = 633F03C3AA2843FE509533FA /* Pods-Quable Productivity.release.xcconfig */;
			buildSettings = {
				ASSETCATALOG_COMPILER_APPICON_NAME = AppIcon;
				CODE_SIGN_STYLE = Automatic;
				DEVELOPMENT_TEAM = JYW3B323JJ;
				INFOPLIST_FILE = "Quable Productivity/Info.plist";
				LD_RUNPATH_SEARCH_PATHS = "$(inherited) @executable_path/Frameworks";
				PRODUCT_BUNDLE_IDENTIFIER = "me.rolandtolnay.Quable-Productivity";
				PRODUCT_NAME = "$(TARGET_NAME)";
				SWIFT_VERSION = 4.0;
				TARGETED_DEVICE_FAMILY = "1,2";
			};
			name = Release;
		};
		AF003A481FFCDBF0007DF4F0 /* Debug */ = {
			isa = XCBuildConfiguration;
			baseConfigurationReference = 6D0D60236E3FBA47E04BDE29 /* Pods-Quable ProductivityTests.debug.xcconfig */;
			buildSettings = {
				ALWAYS_EMBED_SWIFT_STANDARD_LIBRARIES = YES;
				BUNDLE_LOADER = "$(TEST_HOST)";
				CODE_SIGN_STYLE = Automatic;
				DEVELOPMENT_TEAM = JYW3B323JJ;
				INFOPLIST_FILE = "Quable ProductivityTests/Info.plist";
				LD_RUNPATH_SEARCH_PATHS = "$(inherited) @executable_path/Frameworks @loader_path/Frameworks";
				PRODUCT_BUNDLE_IDENTIFIER = "me.rolandtolnay.Quable-ProductivityTests";
				PRODUCT_NAME = "$(TARGET_NAME)";
				SWIFT_VERSION = 4.0;
				TARGETED_DEVICE_FAMILY = "1,2";
				TEST_HOST = "$(BUILT_PRODUCTS_DIR)/Quable Productivity.app/Quable Productivity";
			};
			name = Debug;
		};
		AF003A491FFCDBF0007DF4F0 /* Release */ = {
			isa = XCBuildConfiguration;
			baseConfigurationReference = 45F841DED02BE5F711575972 /* Pods-Quable ProductivityTests.release.xcconfig */;
			buildSettings = {
				ALWAYS_EMBED_SWIFT_STANDARD_LIBRARIES = YES;
				BUNDLE_LOADER = "$(TEST_HOST)";
				CODE_SIGN_STYLE = Automatic;
				DEVELOPMENT_TEAM = JYW3B323JJ;
				INFOPLIST_FILE = "Quable ProductivityTests/Info.plist";
				LD_RUNPATH_SEARCH_PATHS = "$(inherited) @executable_path/Frameworks @loader_path/Frameworks";
				PRODUCT_BUNDLE_IDENTIFIER = "me.rolandtolnay.Quable-ProductivityTests";
				PRODUCT_NAME = "$(TARGET_NAME)";
				SWIFT_VERSION = 4.0;
				TARGETED_DEVICE_FAMILY = "1,2";
				TEST_HOST = "$(BUILT_PRODUCTS_DIR)/Quable Productivity.app/Quable Productivity";
			};
			name = Release;
		};
/* End XCBuildConfiguration section */

/* Begin XCConfigurationList section */
		AF003A201FFCDBF0007DF4F0 /* Build configuration list for PBXProject "Quable Productivity" */ = {
			isa = XCConfigurationList;
			buildConfigurations = (
				AF003A421FFCDBF0007DF4F0 /* Debug */,
				AF003A431FFCDBF0007DF4F0 /* Release */,
			);
			defaultConfigurationIsVisible = 0;
			defaultConfigurationName = Release;
		};
		AF003A441FFCDBF0007DF4F0 /* Build configuration list for PBXNativeTarget "Quable Productivity" */ = {
			isa = XCConfigurationList;
			buildConfigurations = (
				AF003A451FFCDBF0007DF4F0 /* Debug */,
				AF003A461FFCDBF0007DF4F0 /* Release */,
			);
			defaultConfigurationIsVisible = 0;
			defaultConfigurationName = Release;
		};
		AF003A471FFCDBF0007DF4F0 /* Build configuration list for PBXNativeTarget "Quable ProductivityTests" */ = {
			isa = XCConfigurationList;
			buildConfigurations = (
				AF003A481FFCDBF0007DF4F0 /* Debug */,
				AF003A491FFCDBF0007DF4F0 /* Release */,
			);
			defaultConfigurationIsVisible = 0;
			defaultConfigurationName = Release;
		};
/* End XCConfigurationList section */
	};
	rootObject = AF003A1D1FFCDBF0007DF4F0 /* Project object */;
}
